
Microsoft Visual Studio Solution File, Format Version 12.00
# Visual Studio Version 17
VisualStudioVersion = 17.4.33213.308
MinimumVisualStudioVersion = 10.0.40219.1
Project("{FAE04EC0-301F-11D3-BF4B-00C04F79EFBC}") = "DiplomaGroomingSalonDB", "DiplomaGroomingSalonDB\DiplomaGroomingSalonDB.csproj", "{8244A4B5-A4FB-4FDB-94F2-C7780C90975A}"
EndProject
Global
	GlobalSection(SolutionConfigurationPlatforms) = preSolution
		Debug|Any CPU = Debug|Any CPU
		Release|Any CPU = Release|Any CPU
	EndGlobalSection
	GlobalSection(ProjectConfigurationPlatforms) = postSolution
		{8244A4B5-A4FB-4FDB-94F2-C7780C90975A}.Debug|Any CPU.ActiveCfg = Debug|Any CPU
		{8244A4B5-A4FB-4FDB-94F2-C7780C90975A}.Debug|Any CPU.Build.0 = Debug|Any CPU
		{8244A4B5-A4FB-4FDB-94F2-C7780C90975A}.Release|Any CPU.ActiveCfg = Release|Any CPU
		{8244A4B5-A4FB-4FDB-94F2-C7780C90975A}.Release|Any CPU.Build.0 = Release|Any CPU
	EndGlobalSection
	GlobalSection(SolutionProperties) = preSolution
		HideSolutionNode = FALSE
	EndGlobalSection
	GlobalSection(ExtensibilityGlobals) = postSolution
		SolutionGuid = {2CD0D54C-3198-4A05-BA25-86CD44292362}
	EndGlobalSection
EndGlobal
